// !$*UTF8*$!
{
	archiveVersion = 1;
	classes = {
	};
	objectVersion = 48;
	objects = {

/* Begin PBXBuildFile section */
		490BB6C020598DBC006F7A70 /* AppDelegate.swift in Sources */ = {isa = PBXBuildFile; fileRef = 490BB6BF20598DBC006F7A70 /* AppDelegate.swift */; };
		490BB6C220598DBC006F7A70 /* MessagingViewController.swift in Sources */ = {isa = PBXBuildFile; fileRef = 490BB6C120598DBC006F7A70 /* MessagingViewController.swift */; };
		490BB6CA20598DBC006F7A70 /* LaunchScreen.storyboard in Resources */ = {isa = PBXBuildFile; fileRef = 490BB6C820598DBC006F7A70 /* LaunchScreen.storyboard */; };
		490BB6D2205991DA006F7A70 /* MessangingViewModel.swift in Sources */ = {isa = PBXBuildFile; fileRef = 490BB6D1205991DA006F7A70 /* MessangingViewModel.swift */; };
		490BB6D420599207006F7A70 /* MessangingDataBinder.swift in Sources */ = {isa = PBXBuildFile; fileRef = 490BB6D320599207006F7A70 /* MessangingDataBinder.swift */; };
		49FA6F5E205D632000B2C654 /* DirectMessagingViewModel.swift in Sources */ = {isa = PBXBuildFile; fileRef = 49FA6F5D205D632000B2C654 /* DirectMessagingViewModel.swift */; };
		49FA6F60205D634100B2C654 /* GroupMessagingViewModel.swift in Sources */ = {isa = PBXBuildFile; fileRef = 49FA6F5F205D634100B2C654 /* GroupMessagingViewModel.swift */; };
		49FA6F62205D64C700B2C654 /* Message.swift in Sources */ = {isa = PBXBuildFile; fileRef = 49FA6F61205D64C700B2C654 /* Message.swift */; };
		49FA6F64205D67A000B2C654 /* MockMessagingService.swift in Sources */ = {isa = PBXBuildFile; fileRef = 49FA6F63205D67A000B2C654 /* MockMessagingService.swift */; };
/* End PBXBuildFile section */

/* Begin PBXFileReference section */
		490BB6BC20598DBC006F7A70 /* HandyMessenger.app */ = {isa = PBXFileReference; explicitFileType = wrapper.application; includeInIndex = 0; path = HandyMessenger.app; sourceTree = BUILT_PRODUCTS_DIR; };
		490BB6BF20598DBC006F7A70 /* AppDelegate.swift */ = {isa = PBXFileReference; lastKnownFileType = sourcecode.swift; path = AppDelegate.swift; sourceTree = "<group>"; };
		490BB6C120598DBC006F7A70 /* MessagingViewController.swift */ = {isa = PBXFileReference; lastKnownFileType = sourcecode.swift; path = MessagingViewController.swift; sourceTree = "<group>"; };
		490BB6C920598DBC006F7A70 /* Base */ = {isa = PBXFileReference; lastKnownFileType = file.storyboard; name = Base; path = Base.lproj/LaunchScreen.storyboard; sourceTree = "<group>"; };
		490BB6CB20598DBC006F7A70 /* Info.plist */ = {isa = PBXFileReference; lastKnownFileType = text.plist.xml; path = Info.plist; sourceTree = "<group>"; };
		490BB6D1205991DA006F7A70 /* MessangingViewModel.swift */ = {isa = PBXFileReference; lastKnownFileType = sourcecode.swift; path = MessangingViewModel.swift; sourceTree = "<group>"; };
		490BB6D320599207006F7A70 /* MessangingDataBinder.swift */ = {isa = PBXFileReference; lastKnownFileType = sourcecode.swift; path = MessangingDataBinder.swift; sourceTree = "<group>"; };
		49FA6F5D205D632000B2C654 /* DirectMessagingViewModel.swift */ = {isa = PBXFileReference; lastKnownFileType = sourcecode.swift; path = DirectMessagingViewModel.swift; sourceTree = "<group>"; };
		49FA6F5F205D634100B2C654 /* GroupMessagingViewModel.swift */ = {isa = PBXFileReference; lastKnownFileType = sourcecode.swift; path = GroupMessagingViewModel.swift; sourceTree = "<group>"; };
		49FA6F61205D64C700B2C654 /* Message.swift */ = {isa = PBXFileReference; lastKnownFileType = sourcecode.swift; path = Message.swift; sourceTree = "<group>"; };
		49FA6F63205D67A000B2C654 /* MockMessagingService.swift */ = {isa = PBXFileReference; lastKnownFileType = sourcecode.swift; path = MockMessagingService.swift; sourceTree = "<group>"; };
/* End PBXFileReference section */

/* Begin PBXFrameworksBuildPhase section */
		490BB6B920598DBC006F7A70 /* Frameworks */ = {
			isa = PBXFrameworksBuildPhase;
			buildActionMask = 2147483647;
			files = (
			);
			runOnlyForDeploymentPostprocessing = 0;
		};
/* End PBXFrameworksBuildPhase section */

/* Begin PBXGroup section */
		490BB6B320598DBC006F7A70 = {
			isa = PBXGroup;
			children = (
				490BB6BE20598DBC006F7A70 /* HandyMessenger */,
				490BB6BD20598DBC006F7A70 /* Products */,
			);
			sourceTree = "<group>";
		};
		490BB6BD20598DBC006F7A70 /* Products */ = {
			isa = PBXGroup;
			children = (
				490BB6BC20598DBC006F7A70 /* HandyMessenger.app */,
			);
			name = Products;
			sourceTree = "<group>";
		};
		490BB6BE20598DBC006F7A70 /* HandyMessenger */ = {
			isa = PBXGroup;
			children = (
				490BB6BF20598DBC006F7A70 /* AppDelegate.swift */,
				490BB6C120598DBC006F7A70 /* MessagingViewController.swift */,
				490BB6D1205991DA006F7A70 /* MessangingViewModel.swift */,
				490BB6D320599207006F7A70 /* MessangingDataBinder.swift */,
				49FA6F5D205D632000B2C654 /* DirectMessagingViewModel.swift */,
				49FA6F5F205D634100B2C654 /* GroupMessagingViewModel.swift */,
				49FA6F61205D64C700B2C654 /* Message.swift */,
				49FA6F63205D67A000B2C654 /* MockMessagingService.swift */,
				490BB6C820598DBC006F7A70 /* LaunchScreen.storyboard */,
				490BB6CB20598DBC006F7A70 /* Info.plist */,
			);
			path = HandyMessenger;
			sourceTree = "<group>";
		};
/* End PBXGroup section */

/* Begin PBXNativeTarget section */
		490BB6BB20598DBC006F7A70 /* HandyMessenger */ = {
			isa = PBXNativeTarget;
			buildConfigurationList = 490BB6CE20598DBC006F7A70 /* Build configuration list for PBXNativeTarget "HandyMessenger" */;
			buildPhases = (
				490BB6B820598DBC006F7A70 /* Sources */,
				490BB6B920598DBC006F7A70 /* Frameworks */,
				490BB6BA20598DBC006F7A70 /* Resources */,
			);
			buildRules = (
			);
			dependencies = (
			);
			name = HandyMessenger;
			productName = HandyMessenger;
			productReference = 490BB6BC20598DBC006F7A70 /* HandyMessenger.app */;
			productType = "com.apple.product-type.application";
		};
/* End PBXNativeTarget section */

/* Begin PBXProject section */
		490BB6B420598DBC006F7A70 /* Project object */ = {
			isa = PBXProject;
			attributes = {
				LastSwiftUpdateCheck = 0910;
				LastUpgradeCheck = 0910;
				ORGANIZATIONNAME = "Andrew Turkin";
				TargetAttributes = {
					490BB6BB20598DBC006F7A70 = {
						CreatedOnToolsVersion = 9.1;
						ProvisioningStyle = Automatic;
					};
				};
			};
			buildConfigurationList = 490BB6B720598DBC006F7A70 /* Build configuration list for PBXProject "HandyMessenger" */;
			compatibilityVersion = "Xcode 8.0";
			developmentRegion = en;
			hasScannedForEncodings = 0;
			knownRegions = (
				en,
				Base,
			);
			mainGroup = 490BB6B320598DBC006F7A70;
			productRefGroup = 490BB6BD20598DBC006F7A70 /* Products */;
			projectDirPath = "";
			projectRoot = "";
			targets = (
				490BB6BB20598DBC006F7A70 /* HandyMessenger */,
			);
		};
/* End PBXProject section */

/* Begin PBXResourcesBuildPhase section */
		490BB6BA20598DBC006F7A70 /* Resources */ = {
			isa = PBXResourcesBuildPhase;
			buildActionMask = 2147483647;
			files = (
				490BB6CA20598DBC006F7A70 /* LaunchScreen.storyboard in Resources */,
			);
			runOnlyForDeploymentPostprocessing = 0;
		};
/* End PBXResourcesBuildPhase section */

/* Begin PBXSourcesBuildPhase section */
		490BB6B820598DBC006F7A70 /* Sources */ = {
			isa = PBXSourcesBuildPhase;
			buildActionMask = 2147483647;
			files = (
				490BB6D2205991DA006F7A70 /* MessangingViewModel.swift in Sources */,
				49FA6F60205D634100B2C654 /* GroupMessagingViewModel.swift in Sources */,
				490BB6C220598DBC006F7A70 /* MessagingViewController.swift in Sources */,
				490BB6C020598DBC006F7A70 /* AppDelegate.swift in Sources */,
				49FA6F5E205D632000B2C654 /* DirectMessagingViewModel.swift in Sources */,
				490BB6D420599207006F7A70 /* MessangingDataBinder.swift in Sources */,
				49FA6F64205D67A000B2C654 /* MockMessagingService.swift in Sources */,
				49FA6F62205D64C700B2C654 /* Message.swift in Sources */,
			);
			runOnlyForDeploymentPostprocessing = 0;
		};
/* End PBXSourcesBuildPhase section */

/* Begin PBXVariantGroup section */
		490BB6C820598DBC006F7A70 /* LaunchScreen.storyboard */ = {
			isa = PBXVariantGroup;
			children = (
				490BB6C920598DBC006F7A70 /* Base */,
			);
			name = LaunchScreen.storyboard;
			sourceTree = "<group>";
		};
/* End PBXVariantGroup section */

/* Begin XCBuildConfiguration section */
		490BB6CC20598DBC006F7A70 /* Debug */ = {
			isa = XCBuildConfiguration;
			buildSettings = {
				ALWAYS_SEARCH_USER_PATHS = NO;
				CLANG_ANALYZER_NONNULL = YES;
				CLANG_ANALYZER_NUMBER_OBJECT_CONVERSION = YES_AGGRESSIVE;
				CLANG_CXX_LANGUAGE_STANDARD = "gnu++14";
				CLANG_CXX_LIBRARY = "libc++";
				CLANG_ENABLE_MODULES = YES;
				CLANG_ENABLE_OBJC_ARC = YES;
				CLANG_WARN_BLOCK_CAPTURE_AUTORELEASING = YES;
				CLANG_WARN_BOOL_CONVERSION = YES;
				CLANG_WARN_COMMA = YES;
				CLANG_WARN_CONSTANT_CONVERSION = YES;
				CLANG_WARN_DIRECT_OBJC_ISA_USAGE = YES_ERROR;
				CLANG_WARN_DOCUMENTATION_COMMENTS = YES;
				CLANG_WARN_EMPTY_BODY = YES;
				CLANG_WARN_ENUM_CONVERSION = YES;
				CLANG_WARN_INFINITE_RECURSION = YES;
				CLANG_WARN_INT_CONVERSION = YES;
				CLANG_WARN_NON_LITERAL_NULL_CONVERSION = YES;
				CLANG_WARN_OBJC_LITERAL_CONVERSION = YES;
				CLANG_WARN_OBJC_ROOT_CLASS = YES_ERROR;
				CLANG_WARN_RANGE_LOOP_ANALYSIS = YES;
				CLANG_WARN_STRICT_PROTOTYPES = YES;
				CLANG_WARN_SUSPICIOUS_MOVE = YES;
				CLANG_WARN_UNGUARDED_AVAILABILITY = YES_AGGRESSIVE;
				CLANG_WARN_UNREACHABLE_CODE = YES;
				CLANG_WARN__DUPLICATE_METHOD_MATCH = YES;
				CODE_SIGN_IDENTITY = "iPhone Developer";
				COPY_PHASE_STRIP = NO;
				DEBUG_INFORMATION_FORMAT = dwarf;
				ENABLE_STRICT_OBJC_MSGSEND = YES;
				ENABLE_TESTABILITY = YES;
				GCC_C_LANGUAGE_STANDARD = gnu11;
				GCC_DYNAMIC_NO_PIC = NO;
				GCC_NO_COMMON_BLOCKS = YES;
				GCC_OPTIMIZATION_LEVEL = 0;
				GCC_PREPROCESSOR_DEFINITIONS = (
					"DEBUG=1",
					"$(inherited)",
				);
				GCC_WARN_64_TO_32_BIT_CONVERSION = YES;
				GCC_WARN_ABOUT_RETURN_TYPE = YES_ERROR;
				GCC_WARN_UNDECLARED_SELECTOR = YES;
				GCC_WARN_UNINITIALIZED_AUTOS = YES_AGGRESSIVE;
				GCC_WARN_UNUSED_FUNCTION = YES;
				GCC_WARN_UNUSED_VARIABLE = YES;
				IPHONEOS_DEPLOYMENT_TARGET = 11.1;
				MTL_ENABLE_DEBUG_INFO = YES;
				ONLY_ACTIVE_ARCH = YES;
				SDKROOT = iphoneos;
				SWIFT_ACTIVE_COMPILATION_CONDITIONS = DEBUG;
				SWIFT_OPTIMIZATION_LEVEL = "-Onone";
			};
			name = Debug;
		};
		490BB6CD20598DBC006F7A70 /* Release */ = {
			isa = XCBuildConfiguration;
			buildSettings = {
				ALWAYS_SEARCH_USER_PATHS = NO;
				CLANG_ANALYZER_NONNULL = YES;
				CLANG_ANALYZER_NUMBER_OBJECT_CONVERSION = YES_AGGRESSIVE;
				CLANG_CXX_LANGUAGE_STANDARD = "gnu++14";
				CLANG_CXX_LIBRARY = "libc++";
				CLANG_ENABLE_MODULES = YES;
				CLANG_ENABLE_OBJC_ARC = YES;
				CLANG_WARN_BLOCK_CAPTURE_AUTORELEASING = YES;
				CLANG_WARN_BOOL_CONVERSION = YES;
				CLANG_WARN_COMMA = YES;
				CLANG_WARN_CONSTANT_CONVERSION = YES;
				CLANG_WARN_DIRECT_OBJC_ISA_USAGE = YES_ERROR;
				CLANG_WARN_DOCUMENTATION_COMMENTS = YES;
				CLANG_WARN_EMPTY_BODY = YES;
				CLANG_WARN_ENUM_CONVERSION = YES;
				CLANG_WARN_INFINITE_RECURSION = YES;
				CLANG_WARN_INT_CONVERSION = YES;
				CLANG_WARN_NON_LITERAL_NULL_CONVERSION = YES;
				CLANG_WARN_OBJC_LITERAL_CONVERSION = YES;
				CLANG_WARN_OBJC_ROOT_CLASS = YES_ERROR;
				CLANG_WARN_RANGE_LOOP_ANALYSIS = YES;
				CLANG_WARN_STRICT_PROTOTYPES = YES;
				CLANG_WARN_SUSPICIOUS_MOVE = YES;
				CLANG_WARN_UNGUARDED_AVAILABILITY = YES_AGGRESSIVE;
				CLANG_WARN_UNREACHABLE_CODE = YES;
				CLANG_WARN__DUPLICATE_METHOD_MATCH = YES;
				CODE_SIGN_IDENTITY = "iPhone Developer";
				COPY_PHASE_STRIP = NO;
				DEBUG_INFORMATION_FORMAT = "dwarf-with-dsym";
				ENABLE_NS_ASSERTIONS = NO;
				ENABLE_STRICT_OBJC_MSGSEND = YES;
				GCC_C_LANGUAGE_STANDARD = gnu11;
				GCC_NO_COMMON_BLOCKS = YES;
				GCC_WARN_64_TO_32_BIT_CONVERSION = YES;
				GCC_WARN_ABOUT_RETURN_TYPE = YES_ERROR;
				GCC_WARN_UNDECLARED_SELECTOR = YES;
				GCC_WARN_UNINITIALIZED_AUTOS = YES_AGGRESSIVE;
				GCC_WARN_UNUSED_FUNCTION = YES;
				GCC_WARN_UNUSED_VARIABLE = YES;
				IPHONEOS_DEPLOYMENT_TARGET = 11.1;
				MTL_ENABLE_DEBUG_INFO = NO;
				SDKROOT = iphoneos;
				SWIFT_OPTIMIZATION_LEVEL = "-Owholemodule";
				VALIDATE_PRODUCT = YES;
			};
			name = Release;
		};
		490BB6CF20598DBC006F7A70 /* Debug */ = {
			isa = XCBuildConfiguration;
			buildSettings = {
				ASSETCATALOG_COMPILER_APPICON_NAME = AppIcon;
				CODE_SIGN_STYLE = Automatic;
				DEVELOPMENT_TEAM = 7Z74XWR7V3;
				INFOPLIST_FILE = HandyMessenger/Info.plist;
				LD_RUNPATH_SEARCH_PATHS = "$(inherited) @executable_path/Frameworks";
				PRODUCT_BUNDLE_IDENTIFIER = andrew.turkin.HandyMessenger;
				PRODUCT_NAME = "$(TARGET_NAME)";
				SWIFT_VERSION = 4.0;
				TARGETED_DEVICE_FAMILY = "1,2";
			};
			name = Debug;
		};
		490BB6D020598DBC006F7A70 /* Release */ = {
			isa = XCBuildConfiguration;
			buildSettings = {
				ASSETCATALOG_COMPILER_APPICON_NAME = AppIcon;
				CODE_SIGN_STYLE = Automatic;
				DEVELOPMENT_TEAM = 7Z74XWR7V3;
				INFOPLIST_FILE = HandyMessenger/Info.plist;
				LD_RUNPATH_SEARCH_PATHS = "$(inherited) @executable_path/Frameworks";
				PRODUCT_BUNDLE_IDENTIFIER = andrew.turkin.HandyMessenger;
				PRODUCT_NAME = "$(TARGET_NAME)";
				SWIFT_VERSION = 4.0;
				TARGETED_DEVICE_FAMILY = "1,2";
			};
			name = Release;
		};
/* End XCBuildConfiguration section */

/* Begin XCConfigurationList section */
		490BB6B720598DBC006F7A70 /* Build configuration list for PBXProject "HandyMessenger" */ = {
			isa = XCConfigurationList;
			buildConfigurations = (
				490BB6CC20598DBC006F7A70 /* Debug */,
				490BB6CD20598DBC006F7A70 /* Release */,
			);
			defaultConfigurationIsVisible = 0;
			defaultConfigurationName = Release;
		};
		490BB6CE20598DBC006F7A70 /* Build configuration list for PBXNativeTarget "HandyMessenger" */ = {
			isa = XCConfigurationList;
			buildConfigurations = (
				490BB6CF20598DBC006F7A70 /* Debug */,
				490BB6D020598DBC006F7A70 /* Release */,
			);
			defaultConfigurationIsVisible = 0;
			defaultConfigurationName = Release;
		};
/* End XCConfigurationList section */
	};
	rootObject = 490BB6B420598DBC006F7A70 /* Project object */;
}
